version = 1
revision = 2
requires-python = "==3.12.*"

[[package]]
name = "alembic"
version = "1.20.0"
source = { registry = "https://pypi.org/simple" }
dependencies = [
    { name = "mako" },
    { name = "sqlalchemy" },
    { name = "typing-extensions" },
]
sdist = { url = "https://files.pythonhosted.org/packages/ed/aa/02910bdb8e2f1444f6654d5b296cd827d126f82209050ee7b1000f92ac4b/alembic-1.20.0.tar.gz", hash = "sha256:db505480647bc60386c5369402f4a57a506b7539c9e9ef5e270d45cbbe4939bf", size = 2093272, upload-time = "2026-09-11T19:09:11.126Z" }
wheels = [
    { url = "https://files.pythonhosted.org/packages/3f/27/78a89b55b0904d222183164e079b4ca56208e94eff1d35ad1f1ad5be9b06/alembic-1.20.0-py3-none-any.whl", hash = "sha256:77eb101048d95f982c0353e9233404889dcd7a6fc244c107836c0e2fc9cf7d9d", size = 268719, upload-time = "2026-09-11T19:09:12.88Z" },
]

[[package]]
name = "blinker"
version = "1.9.0"
source = { registry = "https://pypi.org/simple" }
sdist = { url = "https://files.pythonhosted.org/packages/21/28/9b3f50ce0e048515135495f198351908d99540d69bfdc8c1d15b73dc55ce/blinker-1.9.0.tar.gz", hash = "sha256:b4ce2265a7abece45e7cc896e98dbebe6cead56bcf805a3d23136d145f5445bf", size = 22460, upload-time = "2024-11-08T17:25:47.436Z" }
wheels = [
    { url = "https://files.pythonhosted.org/packages/10/cb/f2ad4230dc2eb1a74edf38f1a38b9b52277f75bef262d8908e60d957e13c/blinker-1.9.0-py3-none-any.whl", hash = "sha256:ba0efaa9080b619ff2f3459d1d500c57bddea4a6b424b60a91141db6fd2f08bc", size = 8458, upload-time = "2024-11-08T17:25:46.184Z" },
]

[[package]]
name = "click"
version = "8.5.0"
source = { registry = "https://pypi.org/simple" }
sdist = { url = "https://files.pythonhosted.org/packages/c7/0e/7fa0ef50764b67090eca4114772a2abf8b6148198475e54c660b97caeee6/click-8.5.0.tar.gz", hash = "sha256:ba0d2089de75ea0310e2dde03160e6ca10009947fb95a182f9b54021bb272e34", size = 382235, upload-time = "2026-08-26T13:33:14.56Z" }
wheels = [
    { url = "https://files.pythonhosted.org/packages/58/50/6c0d534c5f134586a8e1ba4e330569e32f057e33372ae556463212fb4cd3/click-8.5.0-py3-none-any.whl", hash = "sha256:255bc9599cf7748b4b1a446ccc735421bd08a2ae529a8b88597d3de5664ee360", size = 125251, upload-time = "2026-08-26T13:33:12.928Z" },
]

[[package]]
name = "flask"
version = "3.1.3"
source = { registry = "https://pypi.org/simple" }
dependencies = [
    { name = "blinker" },
    { name = "click" },
    { name = "itsdangerous" },
    { name = "jinja2" },
    { name = "markupsafe" },
    { name = "werkzeug" },
]
sdist = { url = "https://files.pythonhosted.org/packages/26/00/35d85dcce6c57fdc871f3867d465d780f302a175ea360f62533f12b27e2b/flask-3.1.3.tar.gz", hash = "sha256:0ef0e52b8a9cd932855379197dd8f94047b359ca0a78695144304cb45f87c9eb", size = 759004, upload-time = "2026-02-19T05:00:57.678Z" }
wheels = [
    { url = "https://files.pythonhosted.org/packages/7f/9c/34f6962f9b9e9c71f6e5ed806e0d0ff03c9d1b0b2340088a0cf4bce09b18/flask-3.1.3-py3-none-any.whl", hash = "sha256:f4bcbefc124291925f1a26446da31a5178f9483862233b23c0c96a20701f670c", size = 103424, upload-time = "2026-02-19T05:00:56.027Z" },
]

[[package]]
name = "flask-login"
version = "0.6.3"
source = { registry = "https://pypi.org/simple" }
dependencies = [
    { name = "flask" },
    { name = "werkzeug" },
]
sdist = { url = "https://files.pythonhosted.org/packages/c3/6e/2f4e13e373bb49e68c02c51ceadd22d172715a06716f9299d9df01b6ddb2/Flask-Login-0.6.3.tar.gz", hash = "sha256:5e23d14a607ef12806c699590b89d0f0e0d67baeec599d75947bf9c147330333", size = 48834, upload-time = "2023-10-30T14:53:21.151Z" }
wheels = [
    { url = "https://files.pythonhosted.org/packages/59/f5/67e9cc5c2036f58115f9fe0f00d203cf6780c3ff8ae0e705e7a9d9e8ff9e/Flask_Login-0.6.3-py3-none-any.whl", hash = "sha256:849b25b82a436bf830a054e74214074af59097171562ab10bfa999e6b78aae5d", size = 17303, upload-time = "2023-10-30T14:53:19.636Z" },
]

[[package]]
name = "flask-migrate"
version = "4.1.0"
source = { registry = "https://pypi.org/simple" }
dependencies = [
    { name = "alembic" },
    { name = "flask" },
    { name = "flask-sqlalchemy" },
]
sdist = { url = "https://files.pythonhosted.org/packages/5a/8e/47c7b3c93855ceffc2eabfa271782332942443321a07de193e4198f920cf/flask_migrate-4.1.0.tar.gz", hash = "sha256:1a336b06eb2c3ace005f5f2ded8641d534c18798d64061f6ff11f79e1434126d", size = 21965, upload-time = "2025-01-10T18:51:11.848Z" }
wheels = [
    { url = "https://files.pythonhosted.org/packages/d2/c4/3f329b23d769fe7628a5fc57ad36956f1fb7132cf8837be6da762b197327/Flask_Migrate-4.1.0-py3-none-any.whl", hash = "sha256:24d8051af161782e0743af1b04a152d007bad9772b2bca67b7ec1e8ceeb3910d", size = 21237, upload-time = "2025-01-10T18:51:09.527Z" },
]

[[package]]
name = "flask-sqlalchemy"
version = "3.1.1"
source = { registry = "https://pypi.org/simple" }
dependencies = [
    { name = "flask" },
    { name = "sqlalchemy" },
]
sdist = { url = "https://files.pythonhosted.org/packages/91/53/b0a9fcc1b1297f51e68b69ed3b7c3c40d8c45be1391d77ae198712914392/flask_sqlalchemy-3.1.1.tar.gz", hash = "sha256:e4b68bb881802dda1a7d878b2fc84c06d1ee57fb40b874d3dc97dabfa36b8312", size = 81899, upload-time = "2023-09-11T21:42:36.147Z" }
wheels = [
    { url = "https://files.pythonhosted.org/packages/1d/6a/89963a5c6ecf166e8be29e0d1bf6806051ee8fe6c82e232842e3aeac9204/flask_sqlalchemy-3.1.1-py3-none-any.whl", hash = "sha256:4ba4be7f419dc72f4efd8802d69974803c37259dd42f3913b0dcf75c9447e0a0", size = 25125, upload-time = "2023-09-11T21:42:34.514Z" },
]

[[package]]
name = "flask-wtf"
version = "1.3.0"
source = { registry = "https://pypi.org/simple" }
dependencies = [
    { name = "flask" },
    { name = "itsdangerous" },
    { name = "wtforms" },
]
sdist = { url = "https://files.pythonhosted.org/packages/91/f1/605a56d4ea217b307f3e6f4d663e0351253d85d841edc93ba559f0648e19/flask_wtf-1.3.0.tar.gz", hash = "sha256:61d5dabc50c3df885c297dcbd80810443a5d632106c8a69cab8ce740f0cdd7cc", size = 50414, upload-time = "2026-04-23T07:41:55.096Z" }
wheels = [
    { url = "https://files.pythonhosted.org/packages/14/d2/97adf2ec7af95522573e6dd5493ee84792d0fbfb2def010c4a581b8d6e5e/flask_wtf-1.3.0-py3-none-any.whl", hash = "sha256:dc5e3a4ce97f75c47bf6c1c72ad2c3b7bdf579a2ed13aebcc5d3d81fe2571160", size = 13959, upload-time = "2026-04-23T07:41:53.828Z" },
]

[[package]]
name = "itsdangerous"
version = "2.2.0"
source = { registry = "https://pypi.org/simple" }
sdist = { url = "https://files.pythonhosted.org/packages/9c/cb/8ac0172223afbccb63986cc25049b154ecfb5e85932587206f42317be31d/itsdangerous-2.2.0.tar.gz", hash = "sha256:e0050c0b7da1eea53ffaf149c0cfbb5c6e2e2b69c4bef22c81fa6eb73e5f6173", size = 54410, upload-time = "2024-04-16T21:28:15.614Z" }
wheels = [
    { url = "https://files.pythonhosted.org/packages/04/96/92447566d16df59b2a776c0fb82dbc4d9e07cd95062562af01e408583fc4/itsdangerous-2.2.0-py3-none-any.whl", hash = "sha256:c6242fc49e35958c8b15141343aa660db5fc54d4f13a1db01a3f5891b98700ef", size = 16234, upload-time = "2024-04-16T21:28:14.499Z" },
]

[[package]]
name = "jinja2"
version = "3.1.6"
source = { registry = "https://pypi.org/simple" }
dependencies = [
    { name = "markupsafe" },
]
sdist = { url = "https://files.pythonhosted.org/packages/df/bf/f7da0350254c0ed7c72f3e33cef02e048281fec7ecec5f032d4aac52226b/jinja2-3.1.6.tar.gz", hash = "sha256:0137fb05990d35f1275a587e9aee6d56da821fc83491a0fb838183be43f66d6d", size = 245115, upload-time = "2025-03-05T20:05:02.478Z" }
wheels = [
    { url = "https://files.pythonhosted.org/packages/62/a1/3d680cbfd5f4b8f15abc1d571870c5fc3e594bb582bc3b64ea099db13e56/jinja2-3.1.6-py3-none-any.whl", hash = "sha256:85ece4451f492d0c13c5dd7c13a64681a86afae63a5f347908daf103ce6d2f67", size = 134899, upload-time = "2025-03-05T20:05:00.369Z" },
]

[[package]]
name = "mako"
version = "1.4.3"
source = { registry = "https://pypi.org/simple" }
dependencies = [
    { name = "markupsafe" },
]
sdist = { url = "https://files.pythonhosted.org/packages/5a/09/e07c4b5579a79f4b16f8d4f29f6c54514ac787c4ad506b8c4f28a0e6b0bf/mako-1.4.3.tar.gz", hash = "sha256:cd6537fe88d5fec315c55c2f8529bc4ce7a9a352ad7db3eeaa6a66e2dd4ec37a", size = 412799, upload-time = "2026-09-22T20:54:31.509Z" }
wheels = [
    { url = "https://files.pythonhosted.org/packages/6d/a0/053d6af3e8f871e0073b4a36732d9e65be77a72e5434c31b94f6af78a6bb/mako-1.4.3-py3-none-any.whl", hash = "sha256:723296007c870bfd6b3f0c3230dba7198096e5269297ebf5e4eff9e7ffa39d4f", size = 80164, upload-time = "2026-09-22T20:54:33.128Z" },
]

[[package]]
name = "markupsafe"
version = "3.0.3"
source = { registry = "https://pypi.org/simple" }
sdist = { url = "https://files.pythonhosted.org/packages/7e/99/7690b6d4034fffd95959cbe0c02de8deb3098cc577c67bb6a24fe5d7caa7/markupsafe-3.0.3.tar.gz", hash = "sha256:722695808f4b6457b320fdc131280796bdceb04ab50fe1795cd540799ebe1698", size = 80313, upload-time = "2025-09-27T18:37:40.426Z" }
wheels = [
    { url = "https://files.pythonhosted.org/packages/5a/72/147da192e38635ada20e0a2e1a51cf8823d2119ce8883f7053879c2199b5/markupsafe-3.0.3-cp312-cp312-macosx_10_13_x86_64.whl", hash = "sha256:d53197da72cc091b024dd97249dfc7794d6a56530370992a5e1a08983ad9230e", size = 11615, upload-time = "2025-09-27T18:36:30.854Z" },
    { url = "https://files.pythonhosted.org/packages/9a/81/7e4e08678a1f98521201c3079f77db69fb552acd56067661f8c2f534a718/markupsafe-3.0.3-cp312-cp312-macosx_11_0_arm64.whl", hash = "sha256:1872df69a4de6aead3491198eaf13810b565bdbeec3ae2dc8780f14458ec73ce", size = 12020, upload-time = "2025-09-27T18:36:31.971Z" },
    { url = "https://files.pythonhosted.org/packages/1e/2c/799f4742efc39633a1b54a92eec4082e4f815314869865d876824c257c1e/markupsafe-3.0.3-cp312-cp312-manylinux2014_aarch64.manylinux_2_17_aarch64.manylinux_2_28_aarch64.whl", hash = "sha256:3a7e8ae81ae39e62a41ec302f972ba6ae23a5c5396c8e60113e9066ef893da0d", size = 24332, upload-time = "2025-09-27T18:36:32.813Z" },
    { url = "https://files.pythonhosted.org/packages/3c/2e/8d0c2ab90a8c1d9a24f0399058ab8519a3279d1bd4289511d74e909f060e/markupsafe-3.0.3-cp312-cp312-manylinux2014_x86_64.manylinux_2_17_x86_64.manylinux_2_28_x86_64.whl", hash = "sha256:d6dd0be5b5b189d31db7cda48b91d7e0a9795f31430b7f271219ab30f1d3ac9d", size = 22947, upload-time = "2025-09-27T18:36:33.86Z" },
    { url = "https://files.pythonhosted.org/packages/2c/54/887f3092a85238093a0b2154bd629c89444f395618842e8b0c41783898ea/markupsafe-3.0.3-cp312-cp312-manylinux_2_31_riscv64.manylinux_2_39_riscv64.whl", hash = "sha256:94c6f0bb423f739146aec64595853541634bde58b2135f27f61c1ffd1cd4d16a", size = 21962, upload-time = "2025-09-27T18:36:35.099Z" },
    { url = "https://files.pythonhosted.org/packages/c9/2f/336b8c7b6f4a4d95e91119dc8521402461b74a485558d8f238a68312f11c/markupsafe-3.0.3-cp312-cp312-musllinux_1_2_aarch64.whl", hash = "sha256:be8813b57049a7dc738189df53d69395eba14fb99345e0a5994914a3864c8a4b", size = 23760, upload-time = "2025-09-27T18:36:36.001Z" },
    { url = "https://files.pythonhosted.org/packages/32/43/67935f2b7e4982ffb50a4d169b724d74b62a3964bc1a9a527f5ac4f1ee2b/markupsafe-3.0.3-cp312-cp312-musllinux_1_2_riscv64.whl", hash = "sha256:83891d0e9fb81a825d9a6d61e3f07550ca70a076484292a70fde82c4b807286f", size = 21529, upload-time = "2025-09-27T18:36:36.906Z" },
    { url = "https://files.pythonhosted.org/packages/89/e0/4486f11e51bbba8b0c041098859e869e304d1c261e59244baa3d295d47b7/markupsafe-3.0.3-cp312-cp312-musllinux_1_2_x86_64.whl", hash = "sha256:77f0643abe7495da77fb436f50f8dab76dbc6e5fd25d39589a0f1fe6548bfa2b", size = 23015, upload-time = "2025-09-27T18:36:37.868Z" },
    { url = "https://files.pythonhosted.org/packages/2f/e1/78ee7a023dac597a5825441ebd17170785a9dab23de95d2c7508ade94e0e/markupsafe-3.0.3-cp312-cp312-win32.whl", hash = "sha256:d88b440e37a16e651bda4c7c2b930eb586fd15ca7406cb39e211fcff3bf3017d", size = 14540, upload-time = "2025-09-27T18:36:38.761Z" },
    { url = "https://files.pythonhosted.org/packages/aa/5b/bec5aa9bbbb2c946ca2733ef9c4ca91c91b6a24580193e891b5f7dbe8e1e/markupsafe-3.0.3-cp312-cp312-win_amd64.whl", hash = "sha256:26a5784ded40c9e318cfc2bdb30fe164bdb8665ded9cd64d500a34fb42067b1c", size = 15105, upload-time = "2025-09-27T18:36:39.701Z" },
    { url = "https://files.pythonhosted.org/packages/e5/f1/216fc1bbfd74011693a4fd837e7026152e89c4bcf3e77b6692fba9923123/markupsafe-3.0.3-cp312-cp312-win_arm64.whl", hash = "sha256:35add3b638a5d900e807944a078b51922212fb3dedb01633a8defc4b01a3c85f", size = 13906, upload-time = "2025-09-27T18:36:40.689Z" },
]

[[package]]
name = "pinnaclepicks"
version = "1.0.0"
source = { virtual = "." }
dependencies = [
    { name = "flask" },
    { name = "flask-login" },
    { name = "flask-migrate" },
    { name = "flask-sqlalchemy" },
    { name = "flask-wtf" },
    { name = "psycopg", extra = ["binary"] },
    { name = "python-dotenv" },
]

[package.metadata]
requires-dist = [
    { name = "flask", specifier = "==3.1.3" },
    { name = "flask-login", specifier = "==0.6.3" },
    { name = "flask-migrate", specifier = "==4.1.0" },
    { name = "flask-sqlalchemy", specifier = "==3.1.1" },
    { name = "flask-wtf", specifier = "==1.3.0" },
    { name = "psycopg", extras = ["binary"] },
    { name = "python-dotenv", specifier = "==1.2.3" },
]

[[package]]
name = "psycopg"
version = "3.3.6"
source = { registry = "https://pypi.org/simple" }
dependencies = [
    { name = "typing-extensions" },
    { name = "tzdata", marker = "sys_platform == 'win32'" },
]
sdist = { url = "https://files.pythonhosted.org/packages/76/26/3ea4ca5eaea1c0debcdf7ee7c1613fbe721dc27a03c461c0817ffd8a0601/psycopg-3.3.6.tar.gz", hash = "sha256:c081f2250df751a943036e42db6df4571c66cd0aabe8291a7a506512b12007d2", size = 168171, upload-time = "2026-09-18T13:22:55.152Z" }
wheels = [
    { url = "https://files.pythonhosted.org/packages/4e/de/748bd7609c71cae5d737f0ba9192f19329f70180ecda8fff3cac02c5abe3/psycopg-3.3.6-py3-none-any.whl", hash = "sha256:a1db9f7148b06a28606767efaca51fa6f9398c5c0a3810519be69d7000bdb631", size = 215490, upload-time = "2026-09-18T13:15:29.374Z" },
]

[package.optional-dependencies]
binary = [
    { name = "psycopg-binary", marker = "implementation_name != 'pypy'" },
]

[[package]]
name = "psycopg-binary"
version = "3.3.6"
source = { registry = "https://pypi.org/simple" }
wheels = [
    { url = "https://files.pythonhosted.org/packages/e6/01/2cdd1824e58b4467ee0b9498664cd28c42d8794db6b1e35b6bcb834f0044/psycopg_binary-3.3.6-cp312-cp312-macosx_10_13_x86_64.whl", hash = "sha256:3f84dab25e0385692ee13274c68678377e0b1a70ab9d14e56264cbf61f60c62d", size = 4707086, upload-time = "2026-09-18T13:18:05.138Z" },
    { url = "https://files.pythonhosted.org/packages/f6/76/de9948ac06895261c84d5b9fbe283d8f3c5bc9f070691b8d9eaa1b51e322/psycopg_binary-3.3.6-cp312-cp312-macosx_11_0_arm64.whl", hash = "sha256:612382ac3ed13651c7fa44b5fee9fbf7baaa2ddbc6f500391672682c5f1df9e0", size = 4769607, upload-time = "2026-09-18T13:18:12.83Z" },
    { url = "https://files.pythonhosted.org/packages/76/a9/72436c9915ee4905964689e7f0e182ce7767cc0a0390b3ce703be8177625/psycopg_binary-3.3.6-cp312-cp312-manylinux2014_ppc64le.manylinux_2_17_ppc64le.whl", hash = "sha256:366db6e97e66b37211475f20c4c1324a2dc0dd825e46d4e87f9d599304d276f9", size = 5554134, upload-time = "2026-09-18T13:18:21.175Z" },
    { url = "https://files.pythonhosted.org/packages/0a/42/948bb3d2617795093512613fd96ba380e922992c7908fbc073858147d196/psycopg_binary-3.3.6-cp312-cp312-manylinux2014_x86_64.manylinux_2_17_x86_64.whl", hash = "sha256:1679a1cb93fbe5a6d1fd58d82cbddcc6fcb8c61446ba7cae6eb2a7b19bc585de", size = 5235723, upload-time = "2026-09-18T13:18:27.071Z" },
    { url = "https://files.pythonhosted.org/packages/99/47/93e823ff1b0088400703410939c9bda3e63ed9c850b3ee088e8769f4c10b/psycopg_binary-3.3.6-cp312-cp312-manylinux_2_27_aarch64.manylinux_2_28_aarch64.whl", hash = "sha256:37d40450659401600e6d043ff586c89a71a69f33cbb8bcdba6cdb2569beecdbe", size = 6833587, upload-time = "2026-09-18T13:18:33.794Z" },
    { url = "https://files.pythonhosted.org/packages/5e/2d/ecc69c847795aa704041a9f5667a6b0938a088cf1853636d762a6938e493/psycopg_binary-3.3.6-cp312-cp312-manylinux_2_38_riscv64.manylinux_2_39_riscv64.whl", hash = "sha256:a5165300324efd5a772c48a88ab3a928513ab3979fca76553e62ee815f7b2b9c", size = 5070013, upload-time = "2026-09-18T13:18:39.628Z" },
    { url = "https://files.pythonhosted.org/packages/92/36/6126f0dac21713dcae91404f2a76da18598a6252339a8c669c46370d43b2/psycopg_binary-3.3.6-cp312-cp312-musllinux_1_2_aarch64.whl", hash = "sha256:d636338c8f21b0df2f84657b00bc34f9313f826ef93f1155bc743607e4a0c5eb", size = 4597367, upload-time = "2026-09-18T13:18:45.023Z" },
    { url = "https://files.pythonhosted.org/packages/4d/29/7ecfc04243b46c89ffd49924e9c5634ea904ef96c7d0f37e4073623584c1/psycopg_binary-3.3.6-cp312-cp312-musllinux_1_2_ppc64le.whl", hash = "sha256:a4ee3bdd5468a725f2a4d9aab8a74b6d0279f768c8b5d3aeb102c5307ff3d59c", size = 4275419, upload-time = "2026-09-18T13:18:49.299Z" },
    { url = "https://files.pythonhosted.org/packages/6e/90/2f46d2e0de79706ac170df0a3637fe63c4498fc04f131f6049520b78b806/psycopg_binary-3.3.6-cp312-cp312-musllinux_1_2_riscv64.whl", hash = "sha256:289aadd6a00e151203c081f708348ec89f1e483c9b510ef4ac3981f847f01f79", size = 4007358, upload-time = "2026-09-18T13:18:53.944Z" },
    { url = "https://files.pythonhosted.org/packages/03/48/6744e91291b751a8cf12d63d719977974bb94c84ceba913e7ddb2e478e51/psycopg_binary-3.3.6-cp312-cp312-musllinux_1_2_x86_64.whl", hash = "sha256:f21d057f3e5f5491067e5b292498073b73847d48799b099803fef100775fcc52", size = 4320156, upload-time = "2026-09-18T13:18:59.258Z" },
    { url = "https://files.pythonhosted.org/packages/1a/9b/94ff7fce53a64d5b286e2ec454e0a025cf3d6e6b4a9189bef16aa5de98b2/psycopg_binary-3.3.6-cp312-cp312-win_amd64.whl", hash = "sha256:e23a66a763fbe83fcc210bc77c27e5a5ea380ebf091c06f34d8561b695e5a40f", size = 3658864, upload-time = "2026-09-18T13:19:06.503Z" },
]

[[package]]
name = "python-dotenv"
version = "1.2.3"
source = { registry = "https://pypi.org/simple" }
sdist = { url = "https://files.pythonhosted.org/packages/6a/53/ed9d74092561d4b01a2ef1349d52cdbc135e526c245f366b089cfca6de49/python_dotenv-1.2.3.tar.gz", hash = "sha256:a20a594dabeaa385725aa239d5244871c143ecb356add8a20fcf23773a6c3a35", size = 58945, upload-time = "2026-08-16T16:54:54.067Z" }
wheels = [
    { url = "https://files.pythonhosted.org/packages/0d/17/c5c6b53ddc18f297992099b3d9ec16c855c0ccc83263a21fe4d1c625ec6c/python_dotenv-1.2.3-py3-none-any.whl", hash = "sha256:904552145e8bfed22162c09dab1c2b9b54fefa7b23ba780f4f26ca0316b0f0d9", size = 22780, upload-time = "2026-08-16T16:54:52.473Z" },
]

[[package]]
name = "sqlalchemy"
version = "2.1.2"
source = { registry = "https://pypi.org/simple" }
dependencies = [
    { name = "typing-extensions" },
]
sdist = { url = "https://files.pythonhosted.org/packages/53/c4/6a57fe8bc24ebb438519d20ea4dcab48e4e388b1da8a53783326e762c8b9/sqlalchemy-2.1.2.tar.gz", hash = "sha256:077ac635f7d92644888df8cf6dd92abde06c083dbf996fa58c22792d68b151db", size = 10523935, upload-time = "2026-10-02T04:15:55.84Z" }
wheels = [
    { url = "https://files.pythonhosted.org/packages/35/05/6f51519041a379aa786077b3b6ee5903161749df0ff6bc95fe41cac8ec83/sqlalchemy-2.1.2-cp312-cp312-macosx_11_0_arm64.whl", hash = "sha256:02e437cdc24fd54774116dffba03aed5e340f5389f048c699f02662040143632", size = 2463277, upload-time = "2026-10-02T05:07:18.599Z" },
    { url = "https://files.pythonhosted.org/packages/3e/c5/1eb0a92c5d9acd255dabffbb180ebb499251aac0c90a4fa5407985fb66cf/sqlalchemy-2.1.2-cp312-cp312-manylinux2014_aarch64.manylinux_2_17_aarch64.manylinux_2_28_aarch64.whl", hash = "sha256:67b3872d8f17e6850522e96732182161a9adb11c0da9d4ccd5fc0012777c3bd0", size = 4657474, upload-time = "2026-10-02T05:15:49.39Z" },
    { url = "https://files.pythonhosted.org/packages/19/49/25634ece624724aadd6cc1168e182c7e6a5028ac47e0aa1babae710225b0/sqlalchemy-2.1.2-cp312-cp312-manylinux2014_x86_64.manylinux_2_17_x86_64.manylinux_2_28_x86_64.whl", hash = "sha256:a97af8b01c81946387dbf3605d58c615d12b9e449f9d697c36997b0f0ef95b0e", size = 4706085, upload-time = "2026-10-02T05:24:54.816Z" },
    { url = "https://files.pythonhosted.org/packages/2f/8c/08addcefb4b0275ad1e8e427bd6b727e51767d0ff3b261de06d5db8b710b/sqlalchemy-2.1.2-cp312-cp312-manylinux_2_31_riscv64.manylinux_2_39_riscv64.whl", hash = "sha256:c205549aec732013332fc0f32f11e0564252cef2961d425286a42b05bcd9f3f3", size = 4356266, upload-time = "2026-10-02T05:43:26.615Z" },
    { url = "https://files.pythonhosted.org/packages/c8/5c/5ac5a295ba83d9b32bdabab9298a0e6cb0d515684e9bd125cffe03f97431/sqlalchemy-2.1.2-cp312-cp312-musllinux_1_2_aarch64.whl", hash = "sha256:03ec236c0f825315863f6ba0f6bb9198e83fd095af8ba6703d7c22271a87adda", size = 4581361, upload-time = "2026-10-02T05:15:51.575Z" },
    { url = "https://files.pythonhosted.org/packages/d5/f6/b65f506fd02057d15cd69cd7df32b3aae10e61c889bf1bcb4846e9d96ff4/sqlalchemy-2.1.2-cp312-cp312-musllinux_1_2_riscv64.whl", hash = "sha256:ac7a18d7c06f854d2d4551470a3199bd855f7f0b2f33a0a418e27c53cf3ab537", size = 4350175, upload-time = "2026-10-02T05:43:28.779Z" },
    { url = "https://files.pythonhosted.org/packages/6f/9b/3544a5b56e347881542e54325f9ec66138ed37a27ae873fcba5302f66ea5/sqlalchemy-2.1.2-cp312-cp312-musllinux_1_2_x86_64.whl", hash = "sha256:71cd5bf61582add3e92c3053bfa345aa6917ee6999a99c2cba6893805bafffeb", size = 4654782, upload-time = "2026-10-02T05:24:57.18Z" },
    { url = "https://files.pythonhosted.org/packages/34/82/9efd59476c19c0c86d32dcb55e30d8a85c333ff77d3d86db5bfc68f5b05c/sqlalchemy-2.1.2-cp312-cp312-win32.whl", hash = "sha256:603f935dc16f47f1b42d93767fb1f1c5e4dbf2e6c5fdec57781184035fb72e32", size = 2374033, upload-time = "2026-10-02T05:16:37.293Z" },
    { url = "https://files.pythonhosted.org/packages/72/e5/73f9bb7e754fcfa726a9f6fa1ba2dddc9835b610e833490c4cea4b36a5cc/sqlalchemy-2.1.2-cp312-cp312-win_amd64.whl", hash = "sha256:afe4be7f03bd78df887c17c3afbbde4b26000182e5f9373c903c0d9ecaee83ba", size = 2426330, upload-time = "2026-10-02T05:16:39.151Z" },
    { url = "https://files.pythonhosted.org/packages/ac/a9/82ee60fadc54d96f3e13e00076850f6396483b441de7a18cb48901b6ccd8/sqlalchemy-2.1.2-cp312-cp312-win_arm64.whl", hash = "sha256:1773db930d02978663d0eb93fc1eac1506bb2819de2cdbf26ae316f1147a59a4", size = 2385913, upload-time = "2026-10-02T05:06:23.088Z" },
    { url = "https://files.pythonhosted.org/packages/80/df/e54318f5d645b8bf0c76b02fdd4430610afee31eada2d7ac59bee30b4715/sqlalchemy-2.1.2-py3-none-any.whl", hash = "sha256:d82dbb7e9fad337c1cfb1ecf042dc9507c0b9d287c3c6a0e0b7fdd621e2d7c27", size = 2052389, upload-time = "2026-10-02T05:14:19.853Z" },
]

[[package]]
name = "typing-extensions"
version = "4.16.0"
source = { registry = "https://pypi.org/simple" }
sdist = { url = "https://files.pythonhosted.org/packages/f6/cc/6253133b5bb138fc3306cebfbda2c520f545d36b5be2c7255cc528bb45d6/typing_extensions-4.16.0.tar.gz", hash = "sha256:dc983d19a509c94dba722ee6abd33940f7c05a89e243c47e907eb4db6f1a43e5", size = 113555, upload-time = "2026-07-02T08:40:05.92Z" }
wheels = [
    { url = "https://files.pythonhosted.org/packages/49/d3/b8441a820a491ddfc024b0b0cf0393375b75ea13866d9c66727e54c2fc80/typing_extensions-4.16.0-py3-none-any.whl", hash = "sha256:481caa481374e813c1b176ada14e97f1f67a4539ce9cfeb3f350d78d6370c2e8", size = 45571, upload-time = "2026-07-02T08:40:04.659Z" },
]

[[package]]
name = "tzdata"
version = "2026.4"
source = { registry = "https://pypi.org/simple" }
sdist = { url = "https://files.pythonhosted.org/packages/e4/31/3d74fa778a63b98b7374323befcc0be5ab3bd94afd4096a0124e7379152c/tzdata-2026.4.tar.gz", hash = "sha256:f1b8bd365d8d210c55353f4d7f8d6d8561c0ba50d704b700d195a9424bba0d79", size = 199350, upload-time = "2026-09-12T12:56:03.251Z" }
wheels = [
    { url = "https://files.pythonhosted.org/packages/f9/bc/8737e8d54cf51106118039b83f485a4783112fab49ea9d044b234978a46e/tzdata-2026.4-py2.py3-none-any.whl", hash = "sha256:c2169a8b0a7a5e9674da5a135ccdfb2b3e671b333ed9fed17b41f73c34476e81", size = 347494, upload-time = "2026-09-12T12:56:01.67Z" },
]

[[package]]
name = "werkzeug"
version = "3.1.9"
source = { registry = "https://pypi.org/simple" }
dependencies = [
    { name = "markupsafe" },
]
sdist = { url = "https://files.pythonhosted.org/packages/a4/34/4dd12fc8bb7d61c91467ec3efe415ffa7d5456f799954b40c5bbaeae470e/werkzeug-3.1.9.tar.gz", hash = "sha256:55ca7c70a75689be937aa27f8ff4b018f06ff4838fc73045560bf0f5a1291060", size = 940188, upload-time = "2026-09-27T18:33:41.637Z" }
wheels = [
    { url = "https://files.pythonhosted.org/packages/a1/38/df03f564f43cec2684823f3cccae1a652ee7face1cbaa76fb223096e64d7/werkzeug-3.1.9-py3-none-any.whl", hash = "sha256:6392e50c78460ba618e5b21f08a71f59c99ce99cdc6cf6e3dd7e6ccca8754fab", size = 228700, upload-time = "2026-09-27T18:33:39.685Z" },
]

[[package]]
name = "wtforms"
version = "3.2.2"
source = { registry = "https://pypi.org/simple" }
dependencies = [
    { name = "markupsafe" },
]
sdist = { url = "https://files.pythonhosted.org/packages/e9/91/ed9b517da898e3fb747566aa3c12a734bd64ea7449a0d25ec74ce8f8b8eb/wtforms-3.2.2.tar.gz", hash = "sha256:7b00c73f8670f35d4edb0293dcd81b980528bee72fd662b182aaba27ae570b93", size = 139583, upload-time = "2026-05-03T05:53:44.147Z" }
wheels = [
    { url = "https://files.pythonhosted.org/packages/18/76/bb225c8300f3a0ba28e01df51419c6c9574a297c43d71b29048e03b65deb/wtforms-3.2.2-py3-none-any.whl", hash = "sha256:72b90d5d921bd3119252069cf0301e9c13915f9e52792652bc91c5dda4b79e56", size = 158656, upload-time = "2026-05-03T05:53:46.072Z" },
]
